
Microsoft Visual Studio Solution File, Format Version 12.00
# Visual Studio 14
VisualStudioVersion = 14.0.23107.0
MinimumVisualStudioVersion = 10.0.40219.1
Project("{FAE04EC0-301F-11D3-BF4B-00C04F79EFBC}") = "CiklumTestXamarin", "CiklumTestXamarin\CiklumTestXamarin\CiklumTestXamarin.csproj", "{47CCFF19-319A-4572-BBE8-3299EBBC9BF9}"
EndProject
Project("{FAE04EC0-301F-11D3-BF4B-00C04F79EFBC}") = "CiklumTestXamarin.iOS", "CiklumTestXamarin\CiklumTestXamarin.iOS\CiklumTestXamarin.iOS.csproj", "{A957246C-9EF6-4E9A-8DCE-4019439DD176}"
EndProject
Project("{FAE04EC0-301F-11D3-BF4B-00C04F79EFBC}") = "CiklumTestXamarin.Droid", "CiklumTestXamarin\CiklumTestXamarin.Droid\CiklumTestXamarin.Droid.csproj", "{881DF689-0A24-4AFA-9283-181A6B9A748C}"
EndProject
Project("{FAE04EC0-301F-11D3-BF4B-00C04F79EFBC}") = "CiklumTestXamarin.WinPhone", "CiklumTestXamarin\CiklumTestXamarin.WinPhone\CiklumTestXamarin.WinPhone.csproj", "{18415122-9173-42ED-8B38-A24158361C38}"
EndProject
Global
	GlobalSection(SolutionConfigurationPlatforms) = preSolution
		Ad-Hoc|Any CPU = Ad-Hoc|Any CPU
		Ad-Hoc|ARM = Ad-Hoc|ARM
		Ad-Hoc|iPhone = Ad-Hoc|iPhone
		Ad-Hoc|iPhoneSimulator = Ad-Hoc|iPhoneSimulator
		Ad-Hoc|x86 = Ad-Hoc|x86
		AppStore|Any CPU = AppStore|Any CPU
		AppStore|ARM = AppStore|ARM
		AppStore|iPhone = AppStore|iPhone
		AppStore|iPhoneSimulator = AppStore|iPhoneSimulator
		AppStore|x86 = AppStore|x86
		Debug|Any CPU = Debug|Any CPU
		Debug|ARM = Debug|ARM
		Debug|iPhone = Debug|iPhone
		Debug|iPhoneSimulator = Debug|iPhoneSimulator
		Debug|x86 = Debug|x86
		Release|Any CPU = Release|Any CPU
		Release|ARM = Release|ARM
		Release|iPhone = Release|iPhone
		Release|iPhoneSimulator = Release|iPhoneSimulator
		Release|x86 = Release|x86
	EndGlobalSection
	GlobalSection(ProjectConfigurationPlatforms) = postSolution
		{47CCFF19-319A-4572-BBE8-3299EBBC9BF9}.Ad-Hoc|Any CPU.ActiveCfg = Release|Any CPU
		{47CCFF19-319A-4572-BBE8-3299EBBC9BF9}.Ad-Hoc|Any CPU.Build.0 = Release|Any CPU
		{47CCFF19-319A-4572-BBE8-3299EBBC9BF9}.Ad-Hoc|ARM.ActiveCfg = Release|Any CPU
		{47CCFF19-319A-4572-BBE8-3299EBBC9BF9}.Ad-Hoc|ARM.Build.0 = Release|Any CPU
		{47CCFF19-319A-4572-BBE8-3299EBBC9BF9}.Ad-Hoc|iPhone.ActiveCfg = Release|Any CPU
		{47CCFF19-319A-4572-BBE8-3299EBBC9BF9}.Ad-Hoc|iPhone.Build.0 = Release|Any CPU
		{47CCFF19-319A-4572-BBE8-3299EBBC9BF9}.Ad-Hoc|iPhoneSimulator.ActiveCfg = Release|Any CPU
		{47CCFF19-319A-4572-BBE8-3299EBBC9BF9}.Ad-Hoc|iPhoneSimulator.Build.0 = Release|Any CPU
		{47CCFF19-319A-4572-BBE8-3299EBBC9BF9}.Ad-Hoc|x86.ActiveCfg = Release|Any CPU
		{47CCFF19-319A-4572-BBE8-3299EBBC9BF9}.Ad-Hoc|x86.Build.0 = Release|Any CPU
		{47CCFF19-319A-4572-BBE8-3299EBBC9BF9}.AppStore|Any CPU.ActiveCfg = Release|Any CPU
		{47CCFF19-319A-4572-BBE8-3299EBBC9BF9}.AppStore|Any CPU.Build.0 = Release|Any CPU
		{47CCFF19-319A-4572-BBE8-3299EBBC9BF9}.AppStore|ARM.ActiveCfg = Release|Any CPU
		{47CCFF19-319A-4572-BBE8-3299EBBC9BF9}.AppStore|ARM.Build.0 = Release|Any CPU
		{47CCFF19-319A-4572-BBE8-3299EBBC9BF9}.AppStore|iPhone.ActiveCfg = Release|Any CPU
		{47CCFF19-319A-4572-BBE8-3299EBBC9BF9}.AppStore|iPhone.Build.0 = Release|Any CPU
		{47CCFF19-319A-4572-BBE8-3299EBBC9BF9}.AppStore|iPhoneSimulator.ActiveCfg = Release|Any CPU
		{47CCFF19-319A-4572-BBE8-3299EBBC9BF9}.AppStore|iPhoneSimulator.Build.0 = Release|Any CPU
		{47CCFF19-319A-4572-BBE8-3299EBBC9BF9}.AppStore|x86.ActiveCfg = Release|Any CPU
		{47CCFF19-319A-4572-BBE8-3299EBBC9BF9}.AppStore|x86.Build.0 = Release|Any CPU
		{47CCFF19-319A-4572-BBE8-3299EBBC9BF9}.Debug|Any CPU.ActiveCfg = Debug|Any CPU
		{47CCFF19-319A-4572-BBE8-3299EBBC9BF9}.Debug|Any CPU.Build.0 = Debug|Any CPU
		{47CCFF19-319A-4572-BBE8-3299EBBC9BF9}.Debug|ARM.ActiveCfg = Debug|Any CPU
		{47CCFF19-319A-4572-BBE8-3299EBBC9BF9}.Debug|ARM.Build.0 = Debug|Any CPU
		{47CCFF19-319A-4572-BBE8-3299EBBC9BF9}.Debug|iPhone.ActiveCfg = Debug|Any CPU
		{47CCFF19-319A-4572-BBE8-3299EBBC9BF9}.Debug|iPhone.Build.0 = Debug|Any CPU
		{47CCFF19-319A-4572-BBE8-3299EBBC9BF9}.Debug|iPhoneSimulator.ActiveCfg = Debug|Any CPU
		{47CCFF19-319A-4572-BBE8-3299EBBC9BF9}.Debug|iPhoneSimulator.Build.0 = Debug|Any CPU
		{47CCFF19-319A-4572-BBE8-3299EBBC9BF9}.Debug|x86.ActiveCfg = Debug|Any CPU
		{47CCFF19-319A-4572-BBE8-3299EBBC9BF9}.Debug|x86.Build.0 = Debug|Any CPU
		{47CCFF19-319A-4572-BBE8-3299EBBC9BF9}.Release|Any CPU.ActiveCfg = Release|Any CPU
		{47CCFF19-319A-4572-BBE8-3299EBBC9BF9}.Release|Any CPU.Build.0 = Release|Any CPU
		{47CCFF19-319A-4572-BBE8-3299EBBC9BF9}.Release|ARM.ActiveCfg = Release|Any CPU
		{47CCFF19-319A-4572-BBE8-3299EBBC9BF9}.Release|ARM.Build.0 = Release|Any CPU
		{47CCFF19-319A-4572-BBE8-3299EBBC9BF9}.Release|iPhone.ActiveCfg = Release|Any CPU
		{47CCFF19-319A-4572-BBE8-3299EBBC9BF9}.Release|iPhone.Build.0 = Release|Any CPU
		{47CCFF19-319A-4572-BBE8-3299EBBC9BF9}.Release|iPhoneSimulator.ActiveCfg = Release|Any CPU
		{47CCFF19-319A-4572-BBE8-3299EBBC9BF9}.Release|iPhoneSimulator.Build.0 = Release|Any CPU
		{47CCFF19-319A-4572-BBE8-3299EBBC9BF9}.Release|x86.ActiveCfg = Release|Any CPU
		{47CCFF19-319A-4572-BBE8-3299EBBC9BF9}.Release|x86.Build.0 = Release|Any CPU
		{A957246C-9EF6-4E9A-8DCE-4019439DD176}.Ad-Hoc|Any CPU.ActiveCfg = Ad-Hoc|iPhone
		{A957246C-9EF6-4E9A-8DCE-4019439DD176}.Ad-Hoc|ARM.ActiveCfg = Ad-Hoc|iPhone
		{A957246C-9EF6-4E9A-8DCE-4019439DD176}.Ad-Hoc|iPhone.ActiveCfg = Ad-Hoc|iPhone
		{A957246C-9EF6-4E9A-8DCE-4019439DD176}.Ad-Hoc|iPhone.Build.0 = Ad-Hoc|iPhone
		{A957246C-9EF6-4E9A-8DCE-4019439DD176}.Ad-Hoc|iPhoneSimulator.ActiveCfg = Ad-Hoc|iPhoneSimulator
		{A957246C-9EF6-4E9A-8DCE-4019439DD176}.Ad-Hoc|iPhoneSimulator.Build.0 = Ad-Hoc|iPhoneSimulator
		{A957246C-9EF6-4E9A-8DCE-4019439DD176}.Ad-Hoc|x86.ActiveCfg = Ad-Hoc|iPhone
		{A957246C-9EF6-4E9A-8DCE-4019439DD176}.AppStore|Any CPU.ActiveCfg = AppStore|iPhone
		{A957246C-9EF6-4E9A-8DCE-4019439DD176}.AppStore|ARM.ActiveCfg = AppStore|iPhone
		{A957246C-9EF6-4E9A-8DCE-4019439DD176}.AppStore|iPhone.ActiveCfg = AppStore|iPhone
		{A957246C-9EF6-4E9A-8DCE-4019439DD176}.AppStore|iPhone.Build.0 = AppStore|iPhone
		{A957246C-9EF6-4E9A-8DCE-4019439DD176}.AppStore|iPhoneSimulator.ActiveCfg = AppStore|iPhoneSimulator
		{A957246C-9EF6-4E9A-8DCE-4019439DD176}.AppStore|iPhoneSimulator.Build.0 = AppStore|iPhoneSimulator
		{A957246C-9EF6-4E9A-8DCE-4019439DD176}.AppStore|x86.ActiveCfg = AppStore|iPhone
		{A957246C-9EF6-4E9A-8DCE-4019439DD176}.Debug|Any CPU.ActiveCfg = Debug|iPhone
		{A957246C-9EF6-4E9A-8DCE-4019439DD176}.Debug|ARM.ActiveCfg = Debug|iPhone
		{A957246C-9EF6-4E9A-8DCE-4019439DD176}.Debug|iPhone.ActiveCfg = Debug|iPhone
		{A957246C-9EF6-4E9A-8DCE-4019439DD176}.Debug|iPhone.Build.0 = Debug|iPhone
		{A957246C-9EF6-4E9A-8DCE-4019439DD176}.Debug|iPhoneSimulator.ActiveCfg = Debug|iPhoneSimulator
		{A957246C-9EF6-4E9A-8DCE-4019439DD176}.Debug|iPhoneSimulator.Build.0 = Debug|iPhoneSimulator
		{A957246C-9EF6-4E9A-8DCE-4019439DD176}.Debug|x86.ActiveCfg = Debug|iPhone
		{A957246C-9EF6-4E9A-8DCE-4019439DD176}.Release|Any CPU.ActiveCfg = Release|iPhone
		{A957246C-9EF6-4E9A-8DCE-4019439DD176}.Release|ARM.ActiveCfg = Release|iPhone
		{A957246C-9EF6-4E9A-8DCE-4019439DD176}.Release|iPhone.ActiveCfg = Release|iPhone
		{A957246C-9EF6-4E9A-8DCE-4019439DD176}.Release|iPhone.Build.0 = Release|iPhone
		{A957246C-9EF6-4E9A-8DCE-4019439DD176}.Release|iPhoneSimulator.ActiveCfg = Release|iPhoneSimulator
		{A957246C-9EF6-4E9A-8DCE-4019439DD176}.Release|iPhoneSimulator.Build.0 = Release|iPhoneSimulator
		{A957246C-9EF6-4E9A-8DCE-4019439DD176}.Release|x86.ActiveCfg = Release|iPhone
		{881DF689-0A24-4AFA-9283-181A6B9A748C}.Ad-Hoc|Any CPU.ActiveCfg = Release|Any CPU
		{881DF689-0A24-4AFA-9283-181A6B9A748C}.Ad-Hoc|Any CPU.Build.0 = Release|Any CPU
		{881DF689-0A24-4AFA-9283-181A6B9A748C}.Ad-Hoc|Any CPU.Deploy.0 = Release|Any CPU
		{881DF689-0A24-4AFA-9283-181A6B9A748C}.Ad-Hoc|ARM.ActiveCfg = Release|Any CPU
		{881DF689-0A24-4AFA-9283-181A6B9A748C}.Ad-Hoc|ARM.Build.0 = Release|Any CPU
		{881DF689-0A24-4AFA-9283-181A6B9A748C}.Ad-Hoc|ARM.Deploy.0 = Release|Any CPU
		{881DF689-0A24-4AFA-9283-181A6B9A748C}.Ad-Hoc|iPhone.ActiveCfg = Release|Any CPU
		{881DF689-0A24-4AFA-9283-181A6B9A748C}.Ad-Hoc|iPhone.Build.0 = Release|Any CPU
		{881DF689-0A24-4AFA-9283-181A6B9A748C}.Ad-Hoc|iPhone.Deploy.0 = Release|Any CPU
		{881DF689-0A24-4AFA-9283-181A6B9A748C}.Ad-Hoc|iPhoneSimulator.ActiveCfg = Release|Any CPU
		{881DF689-0A24-4AFA-9283-181A6B9A748C}.Ad-Hoc|iPhoneSimulator.Build.0 = Release|Any CPU
		{881DF689-0A24-4AFA-9283-181A6B9A748C}.Ad-Hoc|iPhoneSimulator.Deploy.0 = Release|Any CPU
		{881DF689-0A24-4AFA-9283-181A6B9A748C}.Ad-Hoc|x86.ActiveCfg = Release|Any CPU
		{881DF689-0A24-4AFA-9283-181A6B9A748C}.Ad-Hoc|x86.Build.0 = Release|Any CPU
		{881DF689-0A24-4AFA-9283-181A6B9A748C}.Ad-Hoc|x86.Deploy.0 = Release|Any CPU
		{881DF689-0A24-4AFA-9283-181A6B9A748C}.AppStore|Any CPU.ActiveCfg = Release|Any CPU
		{881DF689-0A24-4AFA-9283-181A6B9A748C}.AppStore|Any CPU.Build.0 = Release|Any CPU
		{881DF689-0A24-4AFA-9283-181A6B9A748C}.AppStore|Any CPU.Deploy.0 = Release|Any CPU
		{881DF689-0A24-4AFA-9283-181A6B9A748C}.AppStore|ARM.ActiveCfg = Release|Any CPU
		{881DF689-0A24-4AFA-9283-181A6B9A748C}.AppStore|ARM.Build.0 = Release|Any CPU
		{881DF689-0A24-4AFA-9283-181A6B9A748C}.AppStore|ARM.Deploy.0 = Release|Any CPU
		{881DF689-0A24-4AFA-9283-181A6B9A748C}.AppStore|iPhone.ActiveCfg = Release|Any CPU
		{881DF689-0A24-4AFA-9283-181A6B9A748C}.AppStore|iPhone.Build.0 = Release|Any CPU
		{881DF689-0A24-4AFA-9283-181A6B9A748C}.AppStore|iPhone.Deploy.0 = Release|Any CPU
		{881DF689-0A24-4AFA-9283-181A6B9A748C}.AppStore|iPhoneSimulator.ActiveCfg = Release|Any CPU
		{881DF689-0A24-4AFA-9283-181A6B9A748C}.AppStore|iPhoneSimulator.Build.0 = Release|Any CPU
		{881DF689-0A24-4AFA-9283-181A6B9A748C}.AppStore|iPhoneSimulator.Deploy.0 = Release|Any CPU
		{881DF689-0A24-4AFA-9283-181A6B9A748C}.AppStore|x86.ActiveCfg = Release|Any CPU
		{881DF689-0A24-4AFA-9283-181A6B9A748C}.AppStore|x86.Build.0 = Release|Any CPU
		{881DF689-0A24-4AFA-9283-181A6B9A748C}.AppStore|x86.Deploy.0 = Release|Any CPU
		{881DF689-0A24-4AFA-9283-181A6B9A748C}.Debug|Any CPU.ActiveCfg = Debug|Any CPU
		{881DF689-0A24-4AFA-9283-181A6B9A748C}.Debug|Any CPU.Build.0 = Debug|Any CPU
		{881DF689-0A24-4AFA-9283-181A6B9A748C}.Debug|Any CPU.Deploy.0 = Debug|Any CPU
		{881DF689-0A24-4AFA-9283-181A6B9A748C}.Debug|ARM.ActiveCfg = Debug|Any CPU
		{881DF689-0A24-4AFA-9283-181A6B9A748C}.Debug|ARM.Build.0 = Debug|Any CPU
		{881DF689-0A24-4AFA-9283-181A6B9A748C}.Debug|ARM.Deploy.0 = Debug|Any CPU
		{881DF689-0A24-4AFA-9283-181A6B9A748C}.Debug|iPhone.ActiveCfg = Debug|Any CPU
		{881DF689-0A24-4AFA-9283-181A6B9A748C}.Debug|iPhone.Build.0 = Debug|Any CPU
		{881DF689-0A24-4AFA-9283-181A6B9A748C}.Debug|iPhone.Deploy.0 = Debug|Any CPU
		{881DF689-0A24-4AFA-9283-181A6B9A748C}.Debug|iPhoneSimulator.ActiveCfg = Debug|Any CPU
		{881DF689-0A24-4AFA-9283-181A6B9A748C}.Debug|iPhoneSimulator.Build.0 = Debug|Any CPU
		{881DF689-0A24-4AFA-9283-181A6B9A748C}.Debug|iPhoneSimulator.Deploy.0 = Debug|Any CPU
		{881DF689-0A24-4AFA-9283-181A6B9A748C}.Debug|x86.ActiveCfg = Debug|Any CPU
		{881DF689-0A24-4AFA-9283-181A6B9A748C}.Debug|x86.Build.0 = Debug|Any CPU
		{881DF689-0A24-4AFA-9283-181A6B9A748C}.Debug|x86.Deploy.0 = Debug|Any CPU
		{881DF689-0A24-4AFA-9283-181A6B9A748C}.Release|Any CPU.ActiveCfg = Release|Any CPU
		{881DF689-0A24-4AFA-9283-181A6B9A748C}.Release|Any CPU.Build.0 = Release|Any CPU
		{881DF689-0A24-4AFA-9283-181A6B9A748C}.Release|Any CPU.Deploy.0 = Release|Any CPU
		{881DF689-0A24-4AFA-9283-181A6B9A748C}.Release|ARM.ActiveCfg = Release|Any CPU
		{881DF689-0A24-4AFA-9283-181A6B9A748C}.Release|ARM.Build.0 = Release|Any CPU
		{881DF689-0A24-4AFA-9283-181A6B9A748C}.Release|ARM.Deploy.0 = Release|Any CPU
		{881DF689-0A24-4AFA-9283-181A6B9A748C}.Release|iPhone.ActiveCfg = Release|Any CPU
		{881DF689-0A24-4AFA-9283-181A6B9A748C}.Release|iPhone.Build.0 = Release|Any CPU
		{881DF689-0A24-4AFA-9283-181A6B9A748C}.Release|iPhone.Deploy.0 = Release|Any CPU
		{881DF689-0A24-4AFA-9283-181A6B9A748C}.Release|iPhoneSimulator.ActiveCfg = Release|Any CPU
		{881DF689-0A24-4AFA-9283-181A6B9A748C}.Release|iPhoneSimulator.Build.0 = Release|Any CPU
		{881DF689-0A24-4AFA-9283-181A6B9A748C}.Release|iPhoneSimulator.Deploy.0 = Release|Any CPU
		{881DF689-0A24-4AFA-9283-181A6B9A748C}.Release|x86.ActiveCfg = Release|Any CPU
		{881DF689-0A24-4AFA-9283-181A6B9A748C}.Release|x86.Build.0 = Release|Any CPU
		{881DF689-0A24-4AFA-9283-181A6B9A748C}.Release|x86.Deploy.0 = Release|Any CPU
		{18415122-9173-42ED-8B38-A24158361C38}.Ad-Hoc|Any CPU.ActiveCfg = Release|Any CPU
		{18415122-9173-42ED-8B38-A24158361C38}.Ad-Hoc|Any CPU.Build.0 = Release|Any CPU
		{18415122-9173-42ED-8B38-A24158361C38}.Ad-Hoc|Any CPU.Deploy.0 = Release|Any CPU
		{18415122-9173-42ED-8B38-A24158361C38}.Ad-Hoc|ARM.ActiveCfg = Release|ARM
		{18415122-9173-42ED-8B38-A24158361C38}.Ad-Hoc|ARM.Build.0 = Release|ARM
		{18415122-9173-42ED-8B38-A24158361C38}.Ad-Hoc|ARM.Deploy.0 = Release|ARM
		{18415122-9173-42ED-8B38-A24158361C38}.Ad-Hoc|iPhone.ActiveCfg = Release|Any CPU
		{18415122-9173-42ED-8B38-A24158361C38}.Ad-Hoc|iPhone.Build.0 = Release|Any CPU
		{18415122-9173-42ED-8B38-A24158361C38}.Ad-Hoc|iPhone.Deploy.0 = Release|Any CPU
		{18415122-9173-42ED-8B38-A24158361C38}.Ad-Hoc|iPhoneSimulator.ActiveCfg = Release|Any CPU
		{18415122-9173-42ED-8B38-A24158361C38}.Ad-Hoc|iPhoneSimulator.Build.0 = Release|Any CPU
		{18415122-9173-42ED-8B38-A24158361C38}.Ad-Hoc|iPhoneSimulator.Deploy.0 = Release|Any CPU
		{18415122-9173-42ED-8B38-A24158361C38}.Ad-Hoc|x86.ActiveCfg = Release|x86
		{18415122-9173-42ED-8B38-A24158361C38}.Ad-Hoc|x86.Build.0 = Release|x86
		{18415122-9173-42ED-8B38-A24158361C38}.Ad-Hoc|x86.Deploy.0 = Release|x86
		{18415122-9173-42ED-8B38-A24158361C38}.AppStore|Any CPU.ActiveCfg = Release|Any CPU
		{18415122-9173-42ED-8B38-A24158361C38}.AppStore|Any CPU.Build.0 = Release|Any CPU
		{18415122-9173-42ED-8B38-A24158361C38}.AppStore|Any CPU.Deploy.0 = Release|Any CPU
		{18415122-9173-42ED-8B38-A24158361C38}.AppStore|ARM.ActiveCfg = Release|ARM
		{18415122-9173-42ED-8B38-A24158361C38}.AppStore|ARM.Build.0 = Release|ARM
		{18415122-9173-42ED-8B38-A24158361C38}.AppStore|ARM.Deploy.0 = Release|ARM
		{18415122-9173-42ED-8B38-A24158361C38}.AppStore|iPhone.ActiveCfg = Release|Any CPU
		{18415122-9173-42ED-8B38-A24158361C38}.AppStore|iPhone.Build.0 = Release|Any CPU
		{18415122-9173-42ED-8B38-A24158361C38}.AppStore|iPhone.Deploy.0 = Release|Any CPU
		{18415122-9173-42ED-8B38-A24158361C38}.AppStore|iPhoneSimulator.ActiveCfg = Release|Any CPU
		{18415122-9173-42ED-8B38-A24158361C38}.AppStore|iPhoneSimulator.Build.0 = Release|Any CPU
		{18415122-9173-42ED-8B38-A24158361C38}.AppStore|iPhoneSimulator.Deploy.0 = Release|Any CPU
		{18415122-9173-42ED-8B38-A24158361C38}.AppStore|x86.ActiveCfg = Release|x86
		{18415122-9173-42ED-8B38-A24158361C38}.AppStore|x86.Build.0 = Release|x86
		{18415122-9173-42ED-8B38-A24158361C38}.AppStore|x86.Deploy.0 = Release|x86
		{18415122-9173-42ED-8B38-A24158361C38}.Debug|Any CPU.ActiveCfg = Debug|Any CPU
		{18415122-9173-42ED-8B38-A24158361C38}.Debug|Any CPU.Build.0 = Debug|Any CPU
		{18415122-9173-42ED-8B38-A24158361C38}.Debug|Any CPU.Deploy.0 = Debug|Any CPU
		{18415122-9173-42ED-8B38-A24158361C38}.Debug|ARM.ActiveCfg = Debug|ARM
		{18415122-9173-42ED-8B38-A24158361C38}.Debug|ARM.Build.0 = Debug|ARM
		{18415122-9173-42ED-8B38-A24158361C38}.Debug|ARM.Deploy.0 = Debug|ARM
		{18415122-9173-42ED-8B38-A24158361C38}.Debug|iPhone.ActiveCfg = Debug|Any CPU
		{18415122-9173-42ED-8B38-A24158361C38}.Debug|iPhone.Build.0 = Debug|Any CPU
		{18415122-9173-42ED-8B38-A24158361C38}.Debug|iPhone.Deploy.0 = Debug|Any CPU
		{18415122-9173-42ED-8B38-A24158361C38}.Debug|iPhoneSimulator.ActiveCfg = Debug|Any CPU
		{18415122-9173-42ED-8B38-A24158361C38}.Debug|iPhoneSimulator.Build.0 = Debug|Any CPU
		{18415122-9173-42ED-8B38-A24158361C38}.Debug|iPhoneSimulator.Deploy.0 = Debug|Any CPU
		{18415122-9173-42ED-8B38-A24158361C38}.Debug|x86.ActiveCfg = Debug|x86
		{18415122-9173-42ED-8B38-A24158361C38}.Debug|x86.Build.0 = Debug|x86
		{18415122-9173-42ED-8B38-A24158361C38}.Debug|x86.Deploy.0 = Debug|x86
		{18415122-9173-42ED-8B38-A24158361C38}.Release|Any CPU.ActiveCfg = Release|Any CPU
		{18415122-9173-42ED-8B38-A24158361C38}.Release|Any CPU.Build.0 = Release|Any CPU
		{18415122-9173-42ED-8B38-A24158361C38}.Release|Any CPU.Deploy.0 = Release|Any CPU
		{18415122-9173-42ED-8B38-A24158361C38}.Release|ARM.ActiveCfg = Release|ARM
		{18415122-9173-42ED-8B38-A24158361C38}.Release|ARM.Build.0 = Release|ARM
		{18415122-9173-42ED-8B38-A24158361C38}.Release|ARM.Deploy.0 = Release|ARM
		{18415122-9173-42ED-8B38-A24158361C38}.Release|iPhone.ActiveCfg = Release|Any CPU
		{18415122-9173-42ED-8B38-A24158361C38}.Release|iPhone.Build.0 = Release|Any CPU
		{18415122-9173-42ED-8B38-A24158361C38}.Release|iPhone.Deploy.0 = Release|Any CPU
		{18415122-9173-42ED-8B38-A24158361C38}.Release|iPhoneSimulator.ActiveCfg = Release|Any CPU
		{18415122-9173-42ED-8B38-A24158361C38}.Release|iPhoneSimulator.Build.0 = Release|Any CPU
		{18415122-9173-42ED-8B38-A24158361C38}.Release|iPhoneSimulator.Deploy.0 = Release|Any CPU
		{18415122-9173-42ED-8B38-A24158361C38}.Release|x86.ActiveCfg = Release|x86
		{18415122-9173-42ED-8B38-A24158361C38}.Release|x86.Build.0 = Release|x86
		{18415122-9173-42ED-8B38-A24158361C38}.Release|x86.Deploy.0 = Release|x86
	EndGlobalSection
	GlobalSection(SolutionProperties) = preSolution
		HideSolutionNode = FALSE
	EndGlobalSection
EndGlobal
